
Microsoft Visual Studio Solution File, Format Version 12.00
# Visual Studio 15
VisualStudioVersion = 15.0.28307.106
MinimumVisualStudioVersion = 10.0.40219.1
Project("{FAE04EC0-301F-11D3-BF4B-00C04F79EFBC}") = "ImplementStack", "ImplementStack\ImplementStack.csproj", "{13BA3AD5-19E7-4F09-9753-EE7EC884E21C}"
EndProject
Global
	GlobalSection(SolutionConfigurationPlatforms) = preSolution
		Debug|Any CPU = Debug|Any CPU
		Release|Any CPU = Release|Any CPU
	EndGlobalSection
	GlobalSection(ProjectConfigurationPlatforms) = postSolution
		{13BA3AD5-19E7-4F09-9753-EE7EC884E21C}.Debug|Any CPU.ActiveCfg = Debug|Any CPU
		{13BA3AD5-19E7-4F09-9753-EE7EC884E21C}.Debug|Any CPU.Build.0 = Debug|Any CPU
		{13BA3AD5-19E7-4F09-9753-EE7EC884E21C}.Release|Any CPU.ActiveCfg = Release|Any CPU
		{13BA3AD5-19E7-4F09-9753-EE7EC884E21C}.Release|Any CPU.Build.0 = Release|Any CPU
	EndGlobalSection
	GlobalSection(SolutionProperties) = preSolution
		HideSolutionNode = FALSE
	EndGlobalSection
	GlobalSection(ExtensibilityGlobals) = postSolution
		SolutionGuid = {DE58CF87-6E7A-4037-94E9-FD24E1668411}
	EndGlobalSection
EndGlobal
