
Microsoft Visual Studio Solution File, Format Version 12.00
# Visual Studio 15
VisualStudioVersion = 15.0.28307.106
MinimumVisualStudioVersion = 10.0.40219.1
Project("{FAE04EC0-301F-11D3-BF4B-00C04F79EFBC}") = "aplicatii", "aplicatii\aplicatii.csproj", "{4D73F1FB-1812-4F05-ACD1-EA240B12687E}"
EndProject
Global
	GlobalSection(SolutionConfigurationPlatforms) = preSolution
		Debug|Any CPU = Debug|Any CPU
		Release|Any CPU = Release|Any CPU
	EndGlobalSection
	GlobalSection(ProjectConfigurationPlatforms) = postSolution
		{4D73F1FB-1812-4F05-ACD1-EA240B12687E}.Debug|Any CPU.ActiveCfg = Debug|Any CPU
		{4D73F1FB-1812-4F05-ACD1-EA240B12687E}.Debug|Any CPU.Build.0 = Debug|Any CPU
		{4D73F1FB-1812-4F05-ACD1-EA240B12687E}.Release|Any CPU.ActiveCfg = Release|Any CPU
		{4D73F1FB-1812-4F05-ACD1-EA240B12687E}.Release|Any CPU.Build.0 = Release|Any CPU
	EndGlobalSection
	GlobalSection(SolutionProperties) = preSolution
		HideSolutionNode = FALSE
	EndGlobalSection
	GlobalSection(ExtensibilityGlobals) = postSolution
		SolutionGuid = {D3BF5E71-8631-40C1-9B55-03FC4BB1194C}
	EndGlobalSection
EndGlobal
