
Microsoft Visual Studio Solution File, Format Version 12.00
# Visual Studio 15
VisualStudioVersion = 15.0.28307.106
MinimumVisualStudioVersion = 10.0.40219.1
Project("{FAE04EC0-301F-11D3-BF4B-00C04F79EFBC}") = "ImplementQueue", "ImplementQueue\ImplementQueue.csproj", "{116992DB-F3C5-44AB-AAEE-A766D600A929}"
EndProject
Global
	GlobalSection(SolutionConfigurationPlatforms) = preSolution
		Debug|Any CPU = Debug|Any CPU
		Release|Any CPU = Release|Any CPU
	EndGlobalSection
	GlobalSection(ProjectConfigurationPlatforms) = postSolution
		{116992DB-F3C5-44AB-AAEE-A766D600A929}.Debug|Any CPU.ActiveCfg = Debug|Any CPU
		{116992DB-F3C5-44AB-AAEE-A766D600A929}.Debug|Any CPU.Build.0 = Debug|Any CPU
		{116992DB-F3C5-44AB-AAEE-A766D600A929}.Release|Any CPU.ActiveCfg = Release|Any CPU
		{116992DB-F3C5-44AB-AAEE-A766D600A929}.Release|Any CPU.Build.0 = Release|Any CPU
	EndGlobalSection
	GlobalSection(SolutionProperties) = preSolution
		HideSolutionNode = FALSE
	EndGlobalSection
	GlobalSection(ExtensibilityGlobals) = postSolution
		SolutionGuid = {5D681D7D-DF95-41CE-89CA-8C99FDAEBBF2}
	EndGlobalSection
EndGlobal
